
Microsoft Visual Studio Solution File, Format Version 12.00
# Visual Studio 15
VisualStudioVersion = 15.0.27004.2006
MinimumVisualStudioVersion = 10.0.40219.1
Project("{FAE04EC0-301F-11D3-BF4B-00C04F79EFBC}") = "VodArchiver", "VodArchiver\VodArchiver.csproj", "{D809A464-CA77-4653-80EF-F0C5CCF4DDEF}"
EndProject
Global
	GlobalSection(SolutionConfigurationPlatforms) = preSolution
		Debug|Any CPU = Debug|Any CPU
		DebugToConsole|Any CPU = DebugToConsole|Any CPU
		Release|Any CPU = Release|Any CPU
	EndGlobalSection
	GlobalSection(ProjectConfigurationPlatforms) = postSolution
		{D809A464-CA77-4653-80EF-F0C5CCF4DDEF}.Debug|Any CPU.ActiveCfg = Debug|Any CPU
		{D809A464-CA77-4653-80EF-F0C5CCF4DDEF}.Debug|Any CPU.Build.0 = Debug|Any CPU
		{D809A464-CA77-4653-80EF-F0C5CCF4DDEF}.DebugToConsole|Any CPU.ActiveCfg = Debug|Any CPU
		{D809A464-CA77-4653-80EF-F0C5CCF4DDEF}.DebugToConsole|Any CPU.Build.0 = Debug|Any CPU
		{D809A464-CA77-4653-80EF-F0C5CCF4DDEF}.Release|Any CPU.ActiveCfg = Release|Any CPU
		{D809A464-CA77-4653-80EF-F0C5CCF4DDEF}.Release|Any CPU.Build.0 = Release|Any CPU
	EndGlobalSection
	GlobalSection(SolutionProperties) = preSolution
		HideSolutionNode = FALSE
	EndGlobalSection
	GlobalSection(ExtensibilityGlobals) = postSolution
		SolutionGuid = {435A6A3D-8838-4196-AC16-5D47C7072DEF}
	EndGlobalSection
EndGlobal
